
Microsoft Visual Studio Solution File, Format Version 12.00
# Visual Studio Version 17
VisualStudioVersion = 17.10.35013.160
MinimumVisualStudioVersion = 10.0.40219.1
Project("{FAE04EC0-301F-11D3-BF4B-00C04F79EFBC}") = "application_programming", "application_programming\application_programming.csproj", "{8A8297D6-85F6-4773-BEC9-5D727F317A52}"
EndProject
Global
	GlobalSection(SolutionConfigurationPlatforms) = preSolution
		Debug|Any CPU = Debug|Any CPU
		Release|Any CPU = Release|Any CPU
	EndGlobalSection
	GlobalSection(ProjectConfigurationPlatforms) = postSolution
		{8A8297D6-85F6-4773-BEC9-5D727F317A52}.Debug|Any CPU.ActiveCfg = Debug|Any CPU
		{8A8297D6-85F6-4773-BEC9-5D727F317A52}.Debug|Any CPU.Build.0 = Debug|Any CPU
		{8A8297D6-85F6-4773-BEC9-5D727F317A52}.Release|Any CPU.ActiveCfg = Release|Any CPU
		{8A8297D6-85F6-4773-BEC9-5D727F317A52}.Release|Any CPU.Build.0 = Release|Any CPU
	EndGlobalSection
	GlobalSection(SolutionProperties) = preSolution
		HideSolutionNode = FALSE
	EndGlobalSection
	GlobalSection(ExtensibilityGlobals) = postSolution
		SolutionGuid = {F0385334-73AE-44BE-8616-21CEE9F8B910}
	EndGlobalSection
EndGlobal
